
Microsoft Visual Studio Solution File, Format Version 12.00
# Visual Studio Version 17
VisualStudioVersion = 17.0.31903.59
MinimumVisualStudioVersion = 10.0.40219.1
Project("{FAE04EC0-301F-11D3-BF4B-00C04F79EFBC}") = "StreamRefs.MetricsCollector", "src\StreamRefs\StreamRefs.MetricsCollector\StreamRefs.MetricsCollector.csproj", "{51894F6F-C095-4A09-A2E7-A98BB5766971}"
EndProject
Project("{2150E333-8FDC-42A3-9474-1A3956D46DE8}") = "build", "build", "{CD02DF5B-BA79-4CFF-9716-AC182D81F29F}"
	ProjectSection(SolutionItems) = preProject
		Directory.Build.props = Directory.Build.props
		Directory.Packages.props = Directory.Packages.props
		global.json = global.json
		nuget.config = nuget.config
		README.md = README.md
	EndProjectSection
EndProject
Project("{2150E333-8FDC-42A3-9474-1A3956D46DE8}") = "StreamRefs", "StreamRefs", "{39B771C9-D3A1-4483-AFC7-193E356665B5}"
EndProject
Project("{FAE04EC0-301F-11D3-BF4B-00C04F79EFBC}") = "StreamRefs.Shared", "src\StreamRefs\StreamRefs.Shared\StreamRefs.Shared.csproj", "{9FF11D1B-F4F7-439C-ADFA-0B5C47C707B1}"
EndProject
Project("{FAE04EC0-301F-11D3-BF4B-00C04F79EFBC}") = "StreamRefs.Agent", "src\StreamRefs\StreamRefs.Agent\StreamRefs.Agent.csproj", "{623CDD47-295C-40C1-AEA0-3D63C016CC29}"
EndProject
Project("{FAE04EC0-301F-11D3-BF4B-00C04F79EFBC}") = "StreamRefs.Tests", "src\StreamRefs\StreamRefs.Tests\StreamRefs.Tests.csproj", "{0875EDF2-5525-4F31-913D-0EC25C0E853C}"
EndProject
Project("{FAE04EC0-301F-11D3-BF4B-00C04F79EFBC}") = "DurableSubscriptions.Shared", "src\DurableSubscriptions\DurableSubscriptions.Shared\DurableSubscriptions.Shared.csproj", "{46B99A98-0D2C-4E3C-9A32-D949A4EDF00E}"
EndProject
Project("{2150E333-8FDC-42A3-9474-1A3956D46DE8}") = "DurableSubscriptions", "DurableSubscriptions", "{40B8DF91-BE67-40C6-A268-FB3C2CDCAB3D}"
	ProjectSection(SolutionItems) = preProject
		src\DurableSubscriptions\launch-postgres.sh = src\DurableSubscriptions\launch-postgres.sh
		src\DurableSubscriptions\README.md = src\DurableSubscriptions\README.md
	EndProjectSection
EndProject
Project("{FAE04EC0-301F-11D3-BF4B-00C04F79EFBC}") = "DurableSubscriptions.Server", "src\DurableSubscriptions\DurableSubscriptions.Server\DurableSubscriptions.Server.csproj", "{47B1ED95-0854-491C-A82E-819E2740B3B2}"
EndProject
Project("{FAE04EC0-301F-11D3-BF4B-00C04F79EFBC}") = "DurableSubscriptions.Tests", "src\DurableSubscriptions\DurableSubscriptions.Tests\DurableSubscriptions.Tests.csproj", "{051CB6AC-172C-4ACF-9B18-C783D8D87DAA}"
EndProject
Project("{FAE04EC0-301F-11D3-BF4B-00C04F79EFBC}") = "DurableSubscriptions.Client", "src\DurableSubscriptions\DurableSubscriptions.Client\DurableSubscriptions.Client.csproj", "{C6939033-827B-4890-BC73-59EC46D010BA}"
EndProject
Global
	GlobalSection(SolutionConfigurationPlatforms) = preSolution
		Debug|Any CPU = Debug|Any CPU
		Release|Any CPU = Release|Any CPU
	EndGlobalSection
	GlobalSection(SolutionProperties) = preSolution
		HideSolutionNode = FALSE
	EndGlobalSection
	GlobalSection(ProjectConfigurationPlatforms) = postSolution
		{51894F6F-C095-4A09-A2E7-A98BB5766971}.Debug|Any CPU.ActiveCfg = Debug|Any CPU
		{51894F6F-C095-4A09-A2E7-A98BB5766971}.Debug|Any CPU.Build.0 = Debug|Any CPU
		{51894F6F-C095-4A09-A2E7-A98BB5766971}.Release|Any CPU.ActiveCfg = Release|Any CPU
		{51894F6F-C095-4A09-A2E7-A98BB5766971}.Release|Any CPU.Build.0 = Release|Any CPU
		{9FF11D1B-F4F7-439C-ADFA-0B5C47C707B1}.Debug|Any CPU.ActiveCfg = Debug|Any CPU
		{9FF11D1B-F4F7-439C-ADFA-0B5C47C707B1}.Debug|Any CPU.Build.0 = Debug|Any CPU
		{9FF11D1B-F4F7-439C-ADFA-0B5C47C707B1}.Release|Any CPU.ActiveCfg = Release|Any CPU
		{9FF11D1B-F4F7-439C-ADFA-0B5C47C707B1}.Release|Any CPU.Build.0 = Release|Any CPU
		{623CDD47-295C-40C1-AEA0-3D63C016CC29}.Debug|Any CPU.ActiveCfg = Debug|Any CPU
		{623CDD47-295C-40C1-AEA0-3D63C016CC29}.Debug|Any CPU.Build.0 = Debug|Any CPU
		{623CDD47-295C-40C1-AEA0-3D63C016CC29}.Release|Any CPU.ActiveCfg = Release|Any CPU
		{623CDD47-295C-40C1-AEA0-3D63C016CC29}.Release|Any CPU.Build.0 = Release|Any CPU
		{0875EDF2-5525-4F31-913D-0EC25C0E853C}.Debug|Any CPU.ActiveCfg = Debug|Any CPU
		{0875EDF2-5525-4F31-913D-0EC25C0E853C}.Debug|Any CPU.Build.0 = Debug|Any CPU
		{0875EDF2-5525-4F31-913D-0EC25C0E853C}.Release|Any CPU.ActiveCfg = Release|Any CPU
		{0875EDF2-5525-4F31-913D-0EC25C0E853C}.Release|Any CPU.Build.0 = Release|Any CPU
		{46B99A98-0D2C-4E3C-9A32-D949A4EDF00E}.Debug|Any CPU.ActiveCfg = Debug|Any CPU
		{46B99A98-0D2C-4E3C-9A32-D949A4EDF00E}.Debug|Any CPU.Build.0 = Debug|Any CPU
		{46B99A98-0D2C-4E3C-9A32-D949A4EDF00E}.Release|Any CPU.ActiveCfg = Release|Any CPU
		{46B99A98-0D2C-4E3C-9A32-D949A4EDF00E}.Release|Any CPU.Build.0 = Release|Any CPU
		{47B1ED95-0854-491C-A82E-819E2740B3B2}.Debug|Any CPU.ActiveCfg = Debug|Any CPU
		{47B1ED95-0854-491C-A82E-819E2740B3B2}.Debug|Any CPU.Build.0 = Debug|Any CPU
		{47B1ED95-0854-491C-A82E-819E2740B3B2}.Release|Any CPU.ActiveCfg = Release|Any CPU
		{47B1ED95-0854-491C-A82E-819E2740B3B2}.Release|Any CPU.Build.0 = Release|Any CPU
		{051CB6AC-172C-4ACF-9B18-C783D8D87DAA}.Debug|Any CPU.ActiveCfg = Debug|Any CPU
		{051CB6AC-172C-4ACF-9B18-C783D8D87DAA}.Debug|Any CPU.Build.0 = Debug|Any CPU
		{051CB6AC-172C-4ACF-9B18-C783D8D87DAA}.Release|Any CPU.ActiveCfg = Release|Any CPU
		{051CB6AC-172C-4ACF-9B18-C783D8D87DAA}.Release|Any CPU.Build.0 = Release|Any CPU
		{C6939033-827B-4890-BC73-59EC46D010BA}.Debug|Any CPU.ActiveCfg = Debug|Any CPU
		{C6939033-827B-4890-BC73-59EC46D010BA}.Debug|Any CPU.Build.0 = Debug|Any CPU
		{C6939033-827B-4890-BC73-59EC46D010BA}.Release|Any CPU.ActiveCfg = Release|Any CPU
		{C6939033-827B-4890-BC73-59EC46D010BA}.Release|Any CPU.Build.0 = Release|Any CPU
	EndGlobalSection
	GlobalSection(NestedProjects) = preSolution
		{51894F6F-C095-4A09-A2E7-A98BB5766971} = {39B771C9-D3A1-4483-AFC7-193E356665B5}
		{9FF11D1B-F4F7-439C-ADFA-0B5C47C707B1} = {39B771C9-D3A1-4483-AFC7-193E356665B5}
		{623CDD47-295C-40C1-AEA0-3D63C016CC29} = {39B771C9-D3A1-4483-AFC7-193E356665B5}
		{0875EDF2-5525-4F31-913D-0EC25C0E853C} = {39B771C9-D3A1-4483-AFC7-193E356665B5}
		{46B99A98-0D2C-4E3C-9A32-D949A4EDF00E} = {40B8DF91-BE67-40C6-A268-FB3C2CDCAB3D}
		{47B1ED95-0854-491C-A82E-819E2740B3B2} = {40B8DF91-BE67-40C6-A268-FB3C2CDCAB3D}
		{051CB6AC-172C-4ACF-9B18-C783D8D87DAA} = {40B8DF91-BE67-40C6-A268-FB3C2CDCAB3D}
		{C6939033-827B-4890-BC73-59EC46D010BA} = {40B8DF91-BE67-40C6-A268-FB3C2CDCAB3D}
	EndGlobalSection
EndGlobal
